
Microsoft Visual Studio Solution File, Format Version 12.00
# Visual Studio 15
VisualStudioVersion = 15.0.28307.539
MinimumVisualStudioVersion = 10.0.40219.1
Project("{FAE04EC0-301F-11D3-BF4B-00C04F79EFBC}") = "Tetris", "Tetris\Tetris.csproj", "{7AA93C13-9DE7-4CD3-AA65-88AF2C489268}"
EndProject
Project("{FAE04EC0-301F-11D3-BF4B-00C04F79EFBC}") = "Tetris.Core.Tests", "TetrisTests\Tetris.Core.Tests.csproj", "{08FCED8D-3295-4094-91B3-1FBC1A02D30F}"
EndProject
Project("{FAE04EC0-301F-11D3-BF4B-00C04F79EFBC}") = "Tetris.Core", "Tetris.Core\Tetris.Core.csproj", "{C9BA24A1-6A55-4C9D-8141-4FE854D8DF77}"
EndProject
Global
	GlobalSection(SolutionConfigurationPlatforms) = preSolution
		Debug|Any CPU = Debug|Any CPU
		Release|Any CPU = Release|Any CPU
	EndGlobalSection
	GlobalSection(ProjectConfigurationPlatforms) = postSolution
		{7AA93C13-9DE7-4CD3-AA65-88AF2C489268}.Debug|Any CPU.ActiveCfg = Debug|Any CPU
		{7AA93C13-9DE7-4CD3-AA65-88AF2C489268}.Debug|Any CPU.Build.0 = Debug|Any CPU
		{7AA93C13-9DE7-4CD3-AA65-88AF2C489268}.Release|Any CPU.ActiveCfg = Release|Any CPU
		{7AA93C13-9DE7-4CD3-AA65-88AF2C489268}.Release|Any CPU.Build.0 = Release|Any CPU
		{08FCED8D-3295-4094-91B3-1FBC1A02D30F}.Debug|Any CPU.ActiveCfg = Debug|Any CPU
		{08FCED8D-3295-4094-91B3-1FBC1A02D30F}.Debug|Any CPU.Build.0 = Debug|Any CPU
		{08FCED8D-3295-4094-91B3-1FBC1A02D30F}.Release|Any CPU.ActiveCfg = Release|Any CPU
		{08FCED8D-3295-4094-91B3-1FBC1A02D30F}.Release|Any CPU.Build.0 = Release|Any CPU
		{C9BA24A1-6A55-4C9D-8141-4FE854D8DF77}.Debug|Any CPU.ActiveCfg = Debug|Any CPU
		{C9BA24A1-6A55-4C9D-8141-4FE854D8DF77}.Debug|Any CPU.Build.0 = Debug|Any CPU
		{C9BA24A1-6A55-4C9D-8141-4FE854D8DF77}.Release|Any CPU.ActiveCfg = Release|Any CPU
		{C9BA24A1-6A55-4C9D-8141-4FE854D8DF77}.Release|Any CPU.Build.0 = Release|Any CPU
	EndGlobalSection
	GlobalSection(SolutionProperties) = preSolution
		HideSolutionNode = FALSE
	EndGlobalSection
	GlobalSection(ExtensibilityGlobals) = postSolution
		SolutionGuid = {F4A8CCDB-3F55-40DB-AEAF-859D49972338}
	EndGlobalSection
EndGlobal
